
Microsoft Visual Studio Solution File, Format Version 12.00
# Visual Studio Version 17
VisualStudioVersion = 17.4.33213.308
MinimumVisualStudioVersion = 10.0.40219.1
Project("{9A19103F-16F7-4668-BE54-9A1E7A4F7556}") = "Bookshop.API", "Bookshop.API.csproj", "{1F15F579-2A50-4BCD-8439-AD3072D42D2F}"
EndProject
Project("{9A19103F-16F7-4668-BE54-9A1E7A4F7556}") = "Bookshop.UnitTests", "..\Bookshop.UnitTests\Bookshop.UnitTests.csproj", "{034A8E53-3A37-4C6C-AEB3-9C2B1E04DB56}"
EndProject
Project("{9A19103F-16F7-4668-BE54-9A1E7A4F7556}") = "Bookshop.IntegrationTests", "..\Bookshop.IntegrationTests\Bookshop.IntegrationTests.csproj", "{3CEEEBEC-A40D-404B-95E4-F9A5FD3167DC}"
EndProject
Global
	GlobalSection(SolutionConfigurationPlatforms) = preSolution
		Debug|Any CPU = Debug|Any CPU
		Release|Any CPU = Release|Any CPU
	EndGlobalSection
	GlobalSection(ProjectConfigurationPlatforms) = postSolution
		{1F15F579-2A50-4BCD-8439-AD3072D42D2F}.Debug|Any CPU.ActiveCfg = Debug|Any CPU
		{1F15F579-2A50-4BCD-8439-AD3072D42D2F}.Debug|Any CPU.Build.0 = Debug|Any CPU
		{1F15F579-2A50-4BCD-8439-AD3072D42D2F}.Release|Any CPU.ActiveCfg = Release|Any CPU
		{1F15F579-2A50-4BCD-8439-AD3072D42D2F}.Release|Any CPU.Build.0 = Release|Any CPU
		{034A8E53-3A37-4C6C-AEB3-9C2B1E04DB56}.Debug|Any CPU.ActiveCfg = Debug|Any CPU
		{034A8E53-3A37-4C6C-AEB3-9C2B1E04DB56}.Debug|Any CPU.Build.0 = Debug|Any CPU
		{034A8E53-3A37-4C6C-AEB3-9C2B1E04DB56}.Release|Any CPU.ActiveCfg = Release|Any CPU
		{034A8E53-3A37-4C6C-AEB3-9C2B1E04DB56}.Release|Any CPU.Build.0 = Release|Any CPU
		{3CEEEBEC-A40D-404B-95E4-F9A5FD3167DC}.Debug|Any CPU.ActiveCfg = Debug|Any CPU
		{3CEEEBEC-A40D-404B-95E4-F9A5FD3167DC}.Debug|Any CPU.Build.0 = Debug|Any CPU
		{3CEEEBEC-A40D-404B-95E4-F9A5FD3167DC}.Release|Any CPU.ActiveCfg = Release|Any CPU
		{3CEEEBEC-A40D-404B-95E4-F9A5FD3167DC}.Release|Any CPU.Build.0 = Release|Any CPU
	EndGlobalSection
	GlobalSection(SolutionProperties) = preSolution
		HideSolutionNode = FALSE
	EndGlobalSection
	GlobalSection(ExtensibilityGlobals) = postSolution
		SolutionGuid = {9961E318-7B34-4955-A01D-5A18B0193AF4}
	EndGlobalSection
EndGlobal
